{
  "version": 4,
  "terraform_version": "0.15.5",
  "serial": 67,
  "lineage": "025a4135-5577-12a2-f6d6-71393e1a8367",
  "outputs": {
    "cloudsql_db_id": {
      "value": "projects/mybudgetpipauls/instances/pipaulsdb/databases/pipauls",
      "type": "string"
    },
    "cloudsql_db_self_link": {
      "value": "https://sqladmin.googleapis.com/sql/v1beta4/projects/mybudgetpipauls/instances/pipaulsdb/databases/pipauls",
      "type": "string"
    },
    "postgres_connection_name": {
      "value": "mybudgetpipauls:europe-west1:pipaulsdb",
      "type": "string"
    },
    "postgres_name": {
      "value": "pipaulsdb",
      "type": "string"
    },
    "postgres_private_ip_address": {
      "value": "10.176.0.3",
      "type": "string"
    },
    "self_link": {
      "value": "https://sqladmin.googleapis.com/sql/v1beta4/projects/mybudgetpipauls/instances/pipaulsdb",
      "type": "string"
    },
    "svpc_connector_id": {
      "value": "projects/mybudgetpipauls/locations/europe-west1/connectors/postgres-svpc-euw",
      "type": "string"
    },
    "svpc_connector_self_link": {
      "value": "projects/mybudgetpipauls/locations/europe-west1/connectors/postgres-svpc-euw",
      "type": "string"
    },
    "svpc_connector_state": {
      "value": "READY",
      "type": "string"
    }
  },
  "resources": [
    {
      "mode": "data",
      "type": "archive_file",
      "name": "server",
      "provider": "provider[\"registry.terraform.io/hashicorp/archive\"]",
      "instances": [
        {
          "schema_version": 0,
          "attributes": {
            "excludes": [
              ".git",
              "logs",
              "node_modules",
              "terraform",
              "tests"
            ],
            "id": "1565ba45ee361d64f7400dd760b109ae99d009b8",
            "output_base64sha256": "USvKFF94h+BufOGOKxePGSZpu0FSdKMRQdfqjssk774=",
            "output_file_mode": null,
            "output_md5": "11c4766bfa8360cc9ba4929fb8c4e416",
            "output_path": "sources/my-budget-pipauls-server-2021-06-09T12:32:17Z.zip",
            "output_sha": "1565ba45ee361d64f7400dd760b109ae99d009b8",
            "output_size": 10971689,
            "source": [],
            "source_content": null,
            "source_content_filename": null,
            "source_dir": "..",
            "source_file": null,
            "type": "zip"
          },
          "sensitive_attributes": []
        }
      ]
    },
    {
      "mode": "managed",
      "type": "google_app_engine_standard_app_version",
      "name": "server",
      "provider": "provider[\"registry.terraform.io/hashicorp/google\"]",
      "instances": [
        {
          "schema_version": 0,
          "attributes": {
            "automatic_scaling": [],
            "basic_scaling": [],
            "delete_service_on_destroy": true,
            "deployment": [
              {
                "files": [],
                "zip": [
                  {
                    "files_count": 0,
                    "source_url": "https://storage.googleapis.com/appengine-sources/my-budget-builder-server-2021-06-09T12:32:18Z.zip"
                  }
                ]
              }
            ],
            "entrypoint": [],
            "env_variables": {
              "DB_DATABASE": "pipauls",
              "DB_PASSWORD": "51ia@J*^O@Ro",
              "DB_SOCKET": "/cloudsql/mybudgetpipauls:europe-west1:pipaulsdb",
              "DB_USER": "pipauls",
              "NODE_ENV": "production",
              "port": "8080"
            },
            "handlers": [
              {
                "auth_fail_action": "AUTH_FAIL_ACTION_REDIRECT",
                "login": "LOGIN_OPTIONAL",
                "redirect_http_response_code": "",
                "script": [
                  {
                    "script_path": "auto"
                  }
                ],
                "security_level": "SECURE_OPTIONAL",
                "static_files": [],
                "url_regex": ".*"
              },
              {
                "auth_fail_action": "AUTH_FAIL_ACTION_REDIRECT",
                "login": "LOGIN_OPTIONAL",
                "redirect_http_response_code": "",
                "script": [
                  {
                    "script_path": "auto"
                  }
                ],
                "security_level": "SECURE_OPTIONAL",
                "static_files": [],
                "url_regex": ".*"
              },
              {
                "auth_fail_action": "AUTH_FAIL_ACTION_REDIRECT",
                "login": "LOGIN_OPTIONAL",
                "redirect_http_response_code": "",
                "script": [
                  {
                    "script_path": "auto"
                  }
                ],
                "security_level": "SECURE_OPTIONAL",
                "static_files": [],
                "url_regex": ".*"
              }
            ],
            "id": "apps/mybudgetpipauls/services/server/versions/v1",
            "inbound_services": [],
            "instance_class": "F1",
            "libraries": [],
            "manual_scaling": [],
            "name": "apps/mybudgetpipauls/services/server/versions/v1",
            "noop_on_destroy": false,
            "project": "mybudgetpipauls",
            "runtime": "nodejs14",
            "runtime_api_version": "",
            "service": "server",
            "threadsafe": true,
            "timeouts": null,
            "version_id": "v1",
            "vpc_access_connector": [
              {
                "name": "projects/mybudgetpipauls/locations/europe-west1/connectors/postgres-svpc-euw"
              }
            ]
          },
          "sensitive_attributes": [],
          "private": "eyJlMmJmYjczMC1lY2FhLTExZTYtOGY4OC0zNDM2M2JjN2M0YzAiOnsiY3JlYXRlIjoyNDAwMDAwMDAwMDAsImRlbGV0ZSI6MjQwMDAwMDAwMDAwLCJ1cGRhdGUiOjI0MDAwMDAwMDAwMH19",
          "dependencies": [
            "data.archive_file.server",
            "google_storage_bucket.bucket",
            "google_storage_bucket_object.object",
            "module.allocated_ip_address_range.google_compute_global_address.allocated_ip_range",
            "module.private_connection.google_service_networking_connection.private_connection",
            "module.private_postgres_instance.data.google_compute_regions.available",
            "module.private_postgres_instance.google_sql_database_instance.postgres_instance",
            "module.svpc_connector.google_vpc_access_connector.serverless_vpc_connector",
            "module.vpc_network.google_compute_network.new_network"
          ]
        }
      ]
    },
    {
      "mode": "managed",
      "type": "google_storage_bucket",
      "name": "bucket",
      "provider": "provider[\"registry.terraform.io/hashicorp/google\"]",
      "instances": [
        {
          "schema_version": 0,
          "attributes": {
            "bucket_policy_only": false,
            "cors": [],
            "default_event_based_hold": false,
            "encryption": [],
            "force_destroy": false,
            "id": "appengine-sources",
            "labels": {},
            "lifecycle_rule": [],
            "location": "US",
            "logging": [],
            "name": "appengine-sources",
            "project": "mybudgetpipauls",
            "requester_pays": false,
            "retention_policy": [],
            "self_link": "https://www.googleapis.com/storage/v1/b/appengine-sources",
            "storage_class": "STANDARD",
            "uniform_bucket_level_access": false,
            "url": "gs://appengine-sources",
            "versioning": [],
            "website": []
          },
          "sensitive_attributes": [],
          "private": "bnVsbA=="
        }
      ]
    },
    {
      "mode": "managed",
      "type": "google_storage_bucket_object",
      "name": "object",
      "provider": "provider[\"registry.terraform.io/hashicorp/google\"]",
      "instances": [
        {
          "schema_version": 0,
          "attributes": {
            "bucket": "appengine-sources",
            "cache_control": "",
            "content": null,
            "content_disposition": "",
            "content_encoding": "",
            "content_language": "",
            "content_type": "application/zip",
            "crc32c": "CGOsMQ==",
            "detect_md5hash": "EcR2a/qDYMybpJKfuMTkFg==",
            "id": "appengine-sources-my-budget-builder-server-2021-06-09T12:32:18Z.zip",
            "md5hash": "EcR2a/qDYMybpJKfuMTkFg==",
            "media_link": "https://storage.googleapis.com/download/storage/v1/b/appengine-sources/o/my-budget-builder-server-2021-06-09T12:32:18Z.zip?generation=1623241957443731\u0026alt=media",
            "metadata": null,
            "name": "my-budget-builder-server-2021-06-09T12:32:18Z.zip",
            "output_name": "my-budget-builder-server-2021-06-09T12:32:18Z.zip",
            "self_link": "https://www.googleapis.com/storage/v1/b/appengine-sources/o/my-budget-builder-server-2021-06-09T12:32:18Z.zip",
            "source": "sources/my-budget-pipauls-server-2021-06-09T12:32:17Z.zip",
            "storage_class": "STANDARD"
          },
          "sensitive_attributes": [],
          "private": "bnVsbA==",
          "dependencies": [
            "data.archive_file.server",
            "google_storage_bucket.bucket"
          ]
        }
      ]
    },
    {
      "module": "module.allocated_ip_address_range",
      "mode": "managed",
      "type": "google_compute_global_address",
      "name": "allocated_ip_range",
      "provider": "provider[\"registry.terraform.io/hashicorp/google\"]",
      "instances": [
        {
          "schema_version": 0,
          "attributes": {
            "address": "10.176.0.0",
            "address_type": "INTERNAL",
            "creation_timestamp": "2021-06-04T00:22:07.000-07:00",
            "description": "Allocation for the Cloud SQL instance.",
            "id": "projects/mybudgetpipauls/global/addresses/private-ip-allocation-postgres",
            "ip_version": "",
            "name": "private-ip-allocation-postgres",
            "network": "https://www.googleapis.com/compute/v1/projects/mybudgetpipauls/global/networks/private-csql-vpc-postgres",
            "prefix_length": 16,
            "project": "mybudgetpipauls",
            "purpose": "VPC_PEERING",
            "self_link": "https://www.googleapis.com/compute/v1/projects/mybudgetpipauls/global/addresses/private-ip-allocation-postgres",
            "timeouts": null
          },
          "sensitive_attributes": [],
          "private": "eyJlMmJmYjczMC1lY2FhLTExZTYtOGY4OC0zNDM2M2JjN2M0YzAiOnsiY3JlYXRlIjoyNDAwMDAwMDAwMDAsImRlbGV0ZSI6MjQwMDAwMDAwMDAwfX0=",
          "dependencies": [
            "module.vpc_network.google_compute_network.new_network"
          ]
        }
      ]
    },
    {
      "module": "module.cloud_sql_database",
      "mode": "managed",
      "type": "google_sql_database",
      "name": "database",
      "provider": "provider[\"registry.terraform.io/hashicorp/google\"]",
      "instances": [
        {
          "schema_version": 0,
          "attributes": {
            "charset": "UTF8",
            "collation": "en_US.UTF8",
            "id": "projects/mybudgetpipauls/instances/pipaulsdb/databases/pipauls",
            "instance": "pipaulsdb",
            "name": "pipauls",
            "project": "mybudgetpipauls",
            "self_link": "https://sqladmin.googleapis.com/sql/v1beta4/projects/mybudgetpipauls/instances/pipaulsdb/databases/pipauls",
            "timeouts": null
          },
          "sensitive_attributes": [],
          "private": "eyJlMmJmYjczMC1lY2FhLTExZTYtOGY4OC0zNDM2M2JjN2M0YzAiOnsiY3JlYXRlIjo5MDAwMDAwMDAwMDAsImRlbGV0ZSI6NjAwMDAwMDAwMDAwLCJ1cGRhdGUiOjYwMDAwMDAwMDAwMH19",
          "dependencies": [
            "module.private_postgres_instance.google_sql_database_instance.postgres_instance",
            "module.vpc_network.google_compute_network.new_network",
            "module.allocated_ip_address_range.google_compute_global_address.allocated_ip_range",
            "module.private_connection.google_service_networking_connection.private_connection",
            "module.private_postgres_instance.data.google_compute_regions.available"
          ]
        }
      ]
    },
    {
      "module": "module.cloud_sql_user",
      "mode": "managed",
      "type": "google_sql_user",
      "name": "new_csql_user",
      "provider": "provider[\"registry.terraform.io/hashicorp/google\"]",
      "instances": [
        {
          "schema_version": 1,
          "attributes": {
            "host": "",
            "id": "pipauls//pipaulsdb",
            "instance": "pipaulsdb",
            "name": "pipauls",
            "password": "51ia@J*^O@Ro",
            "project": "mybudgetpipauls",
            "timeouts": null
          },
          "sensitive_attributes": [],
          "private": "eyJlMmJmYjczMC1lY2FhLTExZTYtOGY4OC0zNDM2M2JjN2M0YzAiOnsiY3JlYXRlIjo2MDAwMDAwMDAwMDAsImRlbGV0ZSI6NjAwMDAwMDAwMDAwLCJ1cGRhdGUiOjYwMDAwMDAwMDAwMH0sInNjaGVtYV92ZXJzaW9uIjoiMSJ9",
          "dependencies": [
            "module.private_postgres_instance.google_sql_database_instance.postgres_instance",
            "module.vpc_network.google_compute_network.new_network",
            "module.allocated_ip_address_range.google_compute_global_address.allocated_ip_range",
            "module.private_connection.google_service_networking_connection.private_connection",
            "module.private_postgres_instance.data.google_compute_regions.available"
          ]
        }
      ]
    },
    {
      "module": "module.private_connection",
      "mode": "managed",
      "type": "google_service_networking_connection",
      "name": "private_connection",
      "provider": "provider[\"registry.terraform.io/hashicorp/google\"]",
      "instances": [
        {
          "schema_version": 0,
          "attributes": {
            "id": "projects%2Fmybudgetpipauls%2Fglobal%2Fnetworks%2Fprivate-csql-vpc-postgres:servicenetworking.googleapis.com",
            "network": "projects/mybudgetpipauls/global/networks/private-csql-vpc-postgres",
            "peering": "servicenetworking-googleapis-com",
            "reserved_peering_ranges": [
              "private-ip-allocation-postgres"
            ],
            "service": "servicenetworking.googleapis.com",
            "timeouts": null
          },
          "sensitive_attributes": [],
          "private": "eyJlMmJmYjczMC1lY2FhLTExZTYtOGY4OC0zNDM2M2JjN2M0YzAiOnsiY3JlYXRlIjo2MDAwMDAwMDAwMDAsImRlbGV0ZSI6NjAwMDAwMDAwMDAwLCJ1cGRhdGUiOjYwMDAwMDAwMDAwMH19",
          "dependencies": [
            "module.allocated_ip_address_range.google_compute_global_address.allocated_ip_range",
            "module.vpc_network.google_compute_network.new_network"
          ]
        }
      ]
    },
    {
      "module": "module.private_postgres_instance",
      "mode": "data",
      "type": "google_compute_regions",
      "name": "available",
      "provider": "provider[\"registry.terraform.io/hashicorp/google\"]",
      "instances": [
        {
          "schema_version": 0,
          "attributes": {
            "id": "projects/mybudgetpipauls",
            "names": [
              "asia-east1",
              "asia-east2",
              "asia-northeast1",
              "asia-northeast2",
              "asia-northeast3",
              "asia-south1",
              "asia-southeast1",
              "asia-southeast2",
              "australia-southeast1",
              "europe-central2",
              "europe-north1",
              "europe-west1",
              "europe-west2",
              "europe-west3",
              "europe-west4",
              "europe-west6",
              "northamerica-northeast1",
              "southamerica-east1",
              "us-central1",
              "us-east1",
              "us-east4",
              "us-west1",
              "us-west2",
              "us-west3",
              "us-west4"
            ],
            "project": "mybudgetpipauls",
            "status": null
          },
          "sensitive_attributes": []
        }
      ]
    },
    {
      "module": "module.private_postgres_instance",
      "mode": "managed",
      "type": "google_sql_database_instance",
      "name": "postgres_instance",
      "provider": "provider[\"registry.terraform.io/hashicorp/google\"]",
      "instances": [
        {
          "schema_version": 0,
          "attributes": {
            "connection_name": "mybudgetpipauls:europe-west1:pipaulsdb",
            "database_version": "POSTGRES_13",
            "first_ip_address": "10.176.0.3",
            "id": "pipaulsdb",
            "ip_address": [
              {
                "ip_address": "10.176.0.3",
                "time_to_retire": "",
                "type": "PRIVATE"
              }
            ],
            "master_instance_name": "",
            "name": "pipaulsdb",
            "private_ip_address": "10.176.0.3",
            "project": "mybudgetpipauls",
            "public_ip_address": "",
            "region": "europe-west1",
            "replica_configuration": [],
            "root_password": null,
            "self_link": "https://sqladmin.googleapis.com/sql/v1beta4/projects/mybudgetpipauls/instances/pipaulsdb",
            "server_ca_cert": [
              {
                "cert": "-----BEGIN CERTIFICATE-----\nMIIDfzCCAmegAwIBAgIBADANBgkqhkiG9w0BAQsFADB3MS0wKwYDVQQuEyRmODI2\nNTMxMC05ODE5LTQxNjEtYmE4MS1kYTY5ZTA1NWMzNGUxIzAhBgNVBAMTGkdvb2ds\nZSBDbG91ZCBTUUwgU2VydmVyIENBMRQwEgYDVQQKEwtHb29nbGUsIEluYzELMAkG\nA1UEBhMCVVMwHhcNMjEwNjA3MTIxNzIwWhcNMzEwNjA1MTIxODIwWjB3MS0wKwYD\nVQQuEyRmODI2NTMxMC05ODE5LTQxNjEtYmE4MS1kYTY5ZTA1NWMzNGUxIzAhBgNV\nBAMTGkdvb2dsZSBDbG91ZCBTUUwgU2VydmVyIENBMRQwEgYDVQQKEwtHb29nbGUs\nIEluYzELMAkGA1UEBhMCVVMwggEiMA0GCSqGSIb3DQEBAQUAA4IBDwAwggEKAoIB\nAQCiMzuC+sQzFRpywvaKvU2Mho94jGi5L/PM1kLgVh4MvhxrJBYg+hV7ygElhaLf\nx+onkvAxKrKR96GnCuRq4li7RIgkFhE5mb4IWLq0mjOXOvGpmKhuAJ08g53o8D77\nmwEhCIDj9/js2nzixmDiQIRehAC1NwbtGpZ49aU4y97U8/XuPOQEWE9cghwPbMFc\nuGkcReGsjLGzGKdQoUttcvRJfbghzDJgEFLK+8olRkRaUdc9t1cFThXjBMQARgkY\n0l+vb2hiPnl0MBdJSRzfbsodk9MWi5cvzx80oawxOtB+JgvIcfjFb8OxpxOZiglS\n9Msa3IC+AaR29Qzf/b5GmSBxAgMBAAGjFjAUMBIGA1UdEwEB/wQIMAYBAf8CAQAw\nDQYJKoZIhvcNAQELBQADggEBAJkg0C1sNp2bOAcMYiMTneF4wfJl1sDY/icjn/Q5\n+9Qz+R7had1QIaRI86+9ckr9lF2SR+sC/r/F/dYJHmyoDjbVu/c0Z//ds7bSgBFR\nyAWkfRoMuwRQHo2X72nqgVkK+RMdL42HyGYpBsp6HBjJkoEH4HTGMU8yteRmn1E9\ng/sJ8JgfrlAljPyxuWZagWQLSDRzCf85SK9fP7O1F/+qlN/pqfYZoHLr0McExf1H\nXIQbMzEWY9GmRC0tfmyok7+6InjmaIttCFVpSBZtc1ulaQYOYpPv87mad3kqOv+H\nDaomxEqJ6I4++bJFl+XcvYSnv+UiBI9tYcef7ImbcI7wnzM=\n-----END CERTIFICATE-----",
                "common_name": "C=US,O=Google\\, Inc,CN=Google Cloud SQL Server CA,dnQualifier=f8265310-9819-4161-ba81-da69e055c34e",
                "create_time": "2021-06-07T12:17:20.010Z",
                "expiration_time": "2031-06-05T12:18:20.010Z",
                "sha1_fingerprint": "0eaf5c47b31a50cdf04fb572302153abfee34bc7"
              }
            ],
            "service_account_email_address": "p963714462961-xy3y4m@gcp-sa-cloud-sql.iam.gserviceaccount.com",
            "settings": [
              {
                "activation_policy": "ALWAYS",
                "authorized_gae_applications": [],
                "availability_type": "ZONAL",
                "backup_configuration": [
                  {
                    "binary_log_enabled": false,
                    "enabled": false,
                    "location": "",
                    "point_in_time_recovery_enabled": false,
                    "start_time": "15:00"
                  }
                ],
                "crash_safe_replication": false,
                "database_flags": [],
                "disk_autoresize": true,
                "disk_size": 10,
                "disk_type": "PD_SSD",
                "ip_configuration": [
                  {
                    "authorized_networks": [],
                    "ipv4_enabled": false,
                    "private_network": "projects/mybudgetpipauls/global/networks/private-csql-vpc-postgres",
                    "require_ssl": false
                  }
                ],
                "location_preference": [
                  {
                    "follow_gae_application": "",
                    "zone": "europe-west1-d"
                  }
                ],
                "maintenance_window": [],
                "pricing_plan": "PER_USE",
                "replication_type": "SYNCHRONOUS",
                "tier": "db-g1-small",
                "user_labels": {},
                "version": 15
              }
            ],
            "timeouts": null
          },
          "sensitive_attributes": [],
          "private": "eyJlMmJmYjczMC1lY2FhLTExZTYtOGY4OC0zNDM2M2JjN2M0YzAiOnsiY3JlYXRlIjoxMjAwMDAwMDAwMDAwLCJkZWxldGUiOjEyMDAwMDAwMDAwMDAsInVwZGF0ZSI6MTIwMDAwMDAwMDAwMH19",
          "dependencies": [
            "module.allocated_ip_address_range.google_compute_global_address.allocated_ip_range",
            "module.private_connection.google_service_networking_connection.private_connection",
            "module.private_postgres_instance.data.google_compute_regions.available",
            "module.vpc_network.google_compute_network.new_network"
          ]
        }
      ]
    },
    {
      "module": "module.svpc_connector",
      "mode": "data",
      "type": "google_compute_regions",
      "name": "available",
      "provider": "provider[\"registry.terraform.io/hashicorp/google\"]",
      "instances": [
        {
          "schema_version": 0,
          "attributes": {
            "id": "projects/mybudgetpipauls",
            "names": [
              "asia-east1",
              "asia-east2",
              "asia-northeast1",
              "asia-northeast2",
              "asia-northeast3",
              "asia-south1",
              "asia-southeast1",
              "asia-southeast2",
              "australia-southeast1",
              "europe-central2",
              "europe-north1",
              "europe-west1",
              "europe-west2",
              "europe-west3",
              "europe-west4",
              "europe-west6",
              "northamerica-northeast1",
              "southamerica-east1",
              "us-central1",
              "us-east1",
              "us-east4",
              "us-west1",
              "us-west2",
              "us-west3",
              "us-west4"
            ],
            "project": "mybudgetpipauls",
            "status": null
          },
          "sensitive_attributes": []
        }
      ]
    },
    {
      "module": "module.svpc_connector",
      "mode": "managed",
      "type": "google_vpc_access_connector",
      "name": "serverless_vpc_connector",
      "provider": "provider[\"registry.terraform.io/hashicorp/google\"]",
      "instances": [
        {
          "schema_version": 0,
          "attributes": {
            "id": "projects/mybudgetpipauls/locations/europe-west1/connectors/postgres-svpc-euw",
            "ip_cidr_range": "10.0.8.0/28",
            "max_throughput": 300,
            "min_throughput": 200,
            "name": "postgres-svpc-euw",
            "network": "private-csql-vpc-postgres",
            "project": "mybudgetpipauls",
            "region": "europe-west1",
            "self_link": "projects/mybudgetpipauls/locations/europe-west1/connectors/postgres-svpc-euw",
            "state": "READY",
            "timeouts": null
          },
          "sensitive_attributes": [],
          "private": "eyJlMmJmYjczMC1lY2FhLTExZTYtOGY4OC0zNDM2M2JjN2M0YzAiOnsiY3JlYXRlIjozNjAwMDAwMDAwMDAsImRlbGV0ZSI6NjAwMDAwMDAwMDAwfX0=",
          "dependencies": [
            "module.private_connection.google_service_networking_connection.private_connection",
            "module.svpc_connector.data.google_compute_regions.available",
            "module.vpc_network.google_compute_network.new_network",
            "module.allocated_ip_address_range.google_compute_global_address.allocated_ip_range"
          ]
        }
      ]
    },
    {
      "module": "module.vpc_network",
      "mode": "managed",
      "type": "google_compute_network",
      "name": "new_network",
      "provider": "provider[\"registry.terraform.io/hashicorp/google\"]",
      "instances": [
        {
          "schema_version": 0,
          "attributes": {
            "auto_create_subnetworks": false,
            "delete_default_routes_on_create": false,
            "description": "VPC network created to house the CSQL instance private IP.",
            "gateway_ipv4": "",
            "id": "projects/mybudgetpipauls/global/networks/private-csql-vpc-postgres",
            "name": "private-csql-vpc-postgres",
            "project": "mybudgetpipauls",
            "routing_mode": "GLOBAL",
            "self_link": "https://www.googleapis.com/compute/v1/projects/mybudgetpipauls/global/networks/private-csql-vpc-postgres",
            "timeouts": null
          },
          "sensitive_attributes": [],
          "private": "eyJlMmJmYjczMC1lY2FhLTExZTYtOGY4OC0zNDM2M2JjN2M0YzAiOnsiY3JlYXRlIjoyNDAwMDAwMDAwMDAsImRlbGV0ZSI6MjQwMDAwMDAwMDAwLCJ1cGRhdGUiOjI0MDAwMDAwMDAwMH19"
        }
      ]
    }
  ]
}
